
Microsoft Visual Studio Solution File, Format Version 12.00
# Visual Studio Version 17
VisualStudioVersion = 17.9.34701.34
MinimumVisualStudioVersion = 10.0.40219.1
Project("{FAE04EC0-301F-11D3-BF4B-00C04F79EFBC}") = "WatchStore", "WatchStore\WatchStore.csproj", "{600146ED-B528-4339-BB1C-C92250AD9F56}"
EndProject
Global
	GlobalSection(SolutionConfigurationPlatforms) = preSolution
		Debug|Any CPU = Debug|Any CPU
		Release|Any CPU = Release|Any CPU
	EndGlobalSection
	GlobalSection(ProjectConfigurationPlatforms) = postSolution
		{600146ED-B528-4339-BB1C-C92250AD9F56}.Debug|Any CPU.ActiveCfg = Debug|Any CPU
		{600146ED-B528-4339-BB1C-C92250AD9F56}.Debug|Any CPU.Build.0 = Debug|Any CPU
		{600146ED-B528-4339-BB1C-C92250AD9F56}.Release|Any CPU.ActiveCfg = Release|Any CPU
		{600146ED-B528-4339-BB1C-C92250AD9F56}.Release|Any CPU.Build.0 = Release|Any CPU
	EndGlobalSection
	GlobalSection(SolutionProperties) = preSolution
		HideSolutionNode = FALSE
	EndGlobalSection
	GlobalSection(ExtensibilityGlobals) = postSolution
		SolutionGuid = {18162792-128C-4717-804D-279E468EF9CE}
	EndGlobalSection
EndGlobal
